PODS:
  - Pod-Bundle-Manager (0.1.0)

DEPENDENCIES:
  - Pod-Bundle-Manager (from `../`)

EXTERNAL SOURCES:
  Pod-Bundle-Manager:
    :path: ../

SPEC CHECKSUMS:
  Pod-Bundle-Manager: 1553f7b02edf7108cf5a0ca1ddc2c0ce9f476bc2

PODFILE CHECKSUM: e086b65784e6575dbfc427c5de9642eb7bffd905

COCOAPODS: 1.0.0
